
Microsoft Visual Studio Solution File, Format Version 12.00
# Visual Studio Version 17
VisualStudioVersion = 17.10.35013.160
MinimumVisualStudioVersion = 10.0.40219.1
Project("{FAE04EC0-301F-11D3-BF4B-00C04F79EFBC}") = "ex1", "ex1\ex1.csproj", "{7B6F57F0-8945-439E-BCF0-F71E997E38FD}"
EndProject
Global
	GlobalSection(SolutionConfigurationPlatforms) = preSolution
		Debug|Any CPU = Debug|Any CPU
		Release|Any CPU = Release|Any CPU
	EndGlobalSection
	GlobalSection(ProjectConfigurationPlatforms) = postSolution
		{7B6F57F0-8945-439E-BCF0-F71E997E38FD}.Debug|Any CPU.ActiveCfg = Debug|Any CPU
		{7B6F57F0-8945-439E-BCF0-F71E997E38FD}.Debug|Any CPU.Build.0 = Debug|Any CPU
		{7B6F57F0-8945-439E-BCF0-F71E997E38FD}.Release|Any CPU.ActiveCfg = Release|Any CPU
		{7B6F57F0-8945-439E-BCF0-F71E997E38FD}.Release|Any CPU.Build.0 = Release|Any CPU
	EndGlobalSection
	GlobalSection(SolutionProperties) = preSolution
		HideSolutionNode = FALSE
	EndGlobalSection
	GlobalSection(ExtensibilityGlobals) = postSolution
		SolutionGuid = {3E826739-B398-4229-840F-72467B13992F}
	EndGlobalSection
EndGlobal
